// !$*UTF8*$!
{
	archiveVersion = 1;
	classes = {
	};
	objectVersion = 56;
	objects = {

/* Begin PBXBuildFile section */
		D0AFCFDB2B6B167100CA23DA /* String+WeatherSymbol.swift in Sources */ = {isa = PBXBuildFile; fileRef = D0AFCFDA2B6B167100CA23DA /* String+WeatherSymbol.swift */; };
		D0AFD7DB2B608F22004D77BD /* BackgroundView.swift in Sources */ = {isa = PBXBuildFile; fileRef = D0AFD7DA2B608F22004D77BD /* BackgroundView.swift */; };
		D0AFD7DD2B608F6B004D77BD /* WeatherContentView.swift in Sources */ = {isa = PBXBuildFile; fileRef = D0AFD7DC2B608F6B004D77BD /* WeatherContentView.swift */; };
		D0AFD7DF2B609014004D77BD /* CurrentWeatherView.swift in Sources */ = {isa = PBXBuildFile; fileRef = D0AFD7DE2B609014004D77BD /* CurrentWeatherView.swift */; };
		D0AFD7E12B609043004D77BD /* ForecastView.swift in Sources */ = {isa = PBXBuildFile; fileRef = D0AFD7E02B609043004D77BD /* ForecastView.swift */; };
		D0BAC9CC2B5DFBBE00A4BEF4 /* SwiftUI_Weather_CloneApp.swift in Sources */ = {isa = PBXBuildFile; fileRef = D0BAC9CB2B5DFBBE00A4BEF4 /* SwiftUI_Weather_CloneApp.swift */; };
		D0BAC9D02B5DFBBF00A4BEF4 /* Assets.xcassets in Resources */ = {isa = PBXBuildFile; fileRef = D0BAC9CF2B5DFBBF00A4BEF4 /* Assets.xcassets */; };
		D0BAC9D32B5DFBBF00A4BEF4 /* Preview Assets.xcassets in Resources */ = {isa = PBXBuildFile; fileRef = D0BAC9D22B5DFBBF00A4BEF4 /* Preview Assets.xcassets */; };
		D0BAC9E72B5E224B00A4BEF4 /* MainView.swift in Sources */ = {isa = PBXBuildFile; fileRef = D0BAC9E62B5E224B00A4BEF4 /* MainView.swift */; };
		D0BAC9E92B5E24EB00A4BEF4 /* CurrentWeather.swift in Sources */ = {isa = PBXBuildFile; fileRef = D0BAC9E82B5E24EB00A4BEF4 /* CurrentWeather.swift */; };
		D0BAC9EB2B5E25D500A4BEF4 /* Double+TemperatureString.swift in Sources */ = {isa = PBXBuildFile; fileRef = D0BAC9EA2B5E25D500A4BEF4 /* Double+TemperatureString.swift */; };
		D0BAC9ED2B5E26BC00A4BEF4 /* Forecast.swift in Sources */ = {isa = PBXBuildFile; fileRef = D0BAC9EC2B5E26BC00A4BEF4 /* Forecast.swift */; };
		D0D923D62B686C4F005A4FFD /* WeatherService.swift in Sources */ = {isa = PBXBuildFile; fileRef = D0D923D52B686C4F005A4FFD /* WeatherService.swift */; };
		D0D923D82B686D6E005A4FFD /* WeatherService+Location.swift in Sources */ = {isa = PBXBuildFile; fileRef = D0D923D72B686D6E005A4FFD /* WeatherService+Location.swift */; };
/* End PBXBuildFile section */

/* Begin PBXFileReference section */
		D0AFCFDA2B6B167100CA23DA /* String+WeatherSymbol.swift */ = {isa = PBXFileReference; lastKnownFileType = sourcecode.swift; path = "String+WeatherSymbol.swift"; sourceTree = "<group>"; };
		D0AFD7DA2B608F22004D77BD /* BackgroundView.swift */ = {isa = PBXFileReference; lastKnownFileType = sourcecode.swift; path = BackgroundView.swift; sourceTree = "<group>"; };
		D0AFD7DC2B608F6B004D77BD /* WeatherContentView.swift */ = {isa = PBXFileReference; lastKnownFileType = sourcecode.swift; path = WeatherContentView.swift; sourceTree = "<group>"; };
		D0AFD7DE2B609014004D77BD /* CurrentWeatherView.swift */ = {isa = PBXFileReference; lastKnownFileType = sourcecode.swift; path = CurrentWeatherView.swift; sourceTree = "<group>"; };
		D0AFD7E02B609043004D77BD /* ForecastView.swift */ = {isa = PBXFileReference; lastKnownFileType = sourcecode.swift; path = ForecastView.swift; sourceTree = "<group>"; };
		D0BAC9C82B5DFBBE00A4BEF4 /* SwiftUI_Weather_CloneApp.app */ = {isa = PBXFileReference; explicitFileType = wrapper.application; includeInIndex = 0; path = SwiftUI_Weather_CloneApp.app; sourceTree = BUILT_PRODUCTS_DIR; };
		D0BAC9CB2B5DFBBE00A4BEF4 /* SwiftUI_Weather_CloneApp.swift */ = {isa = PBXFileReference; lastKnownFileType = sourcecode.swift; path = SwiftUI_Weather_CloneApp.swift; sourceTree = "<group>"; };
		D0BAC9CF2B5DFBBF00A4BEF4 /* Assets.xcassets */ = {isa = PBXFileReference; lastKnownFileType = folder.assetcatalog; path = Assets.xcassets; sourceTree = "<group>"; };
		D0BAC9D22B5DFBBF00A4BEF4 /* Preview Assets.xcassets */ = {isa = PBXFileReference; lastKnownFileType = folder.assetcatalog; path = "Preview Assets.xcassets"; sourceTree = "<group>"; };
		D0BAC9E62B5E224B00A4BEF4 /* MainView.swift */ = {isa = PBXFileReference; lastKnownFileType = sourcecode.swift; path = MainView.swift; sourceTree = "<group>"; };
		D0BAC9E82B5E24EB00A4BEF4 /* CurrentWeather.swift */ = {isa = PBXFileReference; lastKnownFileType = sourcecode.swift; path = CurrentWeather.swift; sourceTree = "<group>"; };
		D0BAC9EA2B5E25D500A4BEF4 /* Double+TemperatureString.swift */ = {isa = PBXFileReference; lastKnownFileType = sourcecode.swift; path = "Double+TemperatureString.swift"; sourceTree = "<group>"; };
		D0BAC9EC2B5E26BC00A4BEF4 /* Forecast.swift */ = {isa = PBXFileReference; lastKnownFileType = sourcecode.swift; path = Forecast.swift; sourceTree = "<group>"; };
		D0D923D52B686C4F005A4FFD /* WeatherService.swift */ = {isa = PBXFileReference; lastKnownFileType = sourcecode.swift; path = WeatherService.swift; sourceTree = "<group>"; };
		D0D923D72B686D6E005A4FFD /* WeatherService+Location.swift */ = {isa = PBXFileReference; lastKnownFileType = sourcecode.swift; path = "WeatherService+Location.swift"; sourceTree = "<group>"; };
		D0E501B32B69C8D40052ED54 /* GangnamStation.gpx */ = {isa = PBXFileReference; lastKnownFileType = text.xml; path = GangnamStation.gpx; sourceTree = "<group>"; };
/* End PBXFileReference section */

/* Begin PBXFrameworksBuildPhase section */
		D0BAC9C52B5DFBBE00A4BEF4 /* Frameworks */ = {
			isa = PBXFrameworksBuildPhase;
			buildActionMask = 2147483647;
			files = (
			);
			runOnlyForDeploymentPostprocessing = 0;
		};
/* End PBXFrameworksBuildPhase section */

/* Begin PBXGroup section */
		D0BAC9BF2B5DFBBE00A4BEF4 = {
			isa = PBXGroup;
			children = (
				D0BAC9CA2B5DFBBE00A4BEF4 /* SwiftUI_Weather_CloneApp */,
				D0BAC9C92B5DFBBE00A4BEF4 /* Products */,
			);
			sourceTree = "<group>";
		};
		D0BAC9C92B5DFBBE00A4BEF4 /* Products */ = {
			isa = PBXGroup;
			children = (
				D0BAC9C82B5DFBBE00A4BEF4 /* SwiftUI_Weather_CloneApp.app */,
			);
			name = Products;
			sourceTree = "<group>";
		};
		D0BAC9CA2B5DFBBE00A4BEF4 /* SwiftUI_Weather_CloneApp */ = {
			isa = PBXGroup;
			children = (
				D0BAC9E42B5E0A2B00A4BEF4 /* Extension */,
				D0BAC9E32B5E0A2300A4BEF4 /* Service */,
				D0BAC9E22B5E0A2300A4BEF4 /* Model */,
				D0BAC9E52B5E0A2B00A4BEF4 /* View */,
				D0BAC9CB2B5DFBBE00A4BEF4 /* SwiftUI_Weather_CloneApp.swift */,
				D0BAC9CF2B5DFBBF00A4BEF4 /* Assets.xcassets */,
				D0E501B32B69C8D40052ED54 /* GangnamStation.gpx */,
				D0BAC9D12B5DFBBF00A4BEF4 /* Preview Content */,
			);
			path = SwiftUI_Weather_CloneApp;
			sourceTree = "<group>";
		};
		D0BAC9D12B5DFBBF00A4BEF4 /* Preview Content */ = {
			isa = PBXGroup;
			children = (
				D0BAC9D22B5DFBBF00A4BEF4 /* Preview Assets.xcassets */,
			);
			path = "Preview Content";
			sourceTree = "<group>";
		};
		D0BAC9E22B5E0A2300A4BEF4 /* Model */ = {
			isa = PBXGroup;
			children = (
				D0BAC9E82B5E24EB00A4BEF4 /* CurrentWeather.swift */,
				D0BAC9EC2B5E26BC00A4BEF4 /* Forecast.swift */,
			);
			path = Model;
			sourceTree = "<group>";
		};
		D0BAC9E32B5E0A2300A4BEF4 /* Service */ = {
			isa = PBXGroup;
			children = (
				D0D923D52B686C4F005A4FFD /* WeatherService.swift */,
				D0D923D72B686D6E005A4FFD /* WeatherService+Location.swift */,
			);
			path = Service;
			sourceTree = "<group>";
		};
		D0BAC9E42B5E0A2B00A4BEF4 /* Extension */ = {
			isa = PBXGroup;
			children = (
				D0BAC9EA2B5E25D500A4BEF4 /* Double+TemperatureString.swift */,
				D0AFCFDA2B6B167100CA23DA /* String+WeatherSymbol.swift */,
			);
			path = Extension;
			sourceTree = "<group>";
		};
		D0BAC9E52B5E0A2B00A4BEF4 /* View */ = {
			isa = PBXGroup;
			children = (
				D0BAC9E62B5E224B00A4BEF4 /* MainView.swift */,
				D0AFD7DA2B608F22004D77BD /* BackgroundView.swift */,
				D0AFD7DC2B608F6B004D77BD /* WeatherContentView.swift */,
				D0AFD7DE2B609014004D77BD /* CurrentWeatherView.swift */,
				D0AFD7E02B609043004D77BD /* ForecastView.swift */,
			);
			path = View;
			sourceTree = "<group>";
		};
/* End PBXGroup section */

/* Begin PBXNativeTarget section */
		D0BAC9C72B5DFBBE00A4BEF4 /* SwiftUI_Weather_CloneApp */ = {
			isa = PBXNativeTarget;
			buildConfigurationList = D0BAC9D62B5DFBBF00A4BEF4 /* Build configuration list for PBXNativeTarget "SwiftUI_Weather_CloneApp" */;
			buildPhases = (
				D0BAC9C42B5DFBBE00A4BEF4 /* Sources */,
				D0BAC9C52B5DFBBE00A4BEF4 /* Frameworks */,
				D0BAC9C62B5DFBBE00A4BEF4 /* Resources */,
			);
			buildRules = (
			);
			dependencies = (
			);
			name = SwiftUI_Weather_CloneApp;
			productName = SwiftUI_Weather_CloneApp;
			productReference = D0BAC9C82B5DFBBE00A4BEF4 /* SwiftUI_Weather_CloneApp.app */;
			productType = "com.apple.product-type.application";
		};
/* End PBXNativeTarget section */

/* Begin PBXProject section */
		D0BAC9C02B5DFBBE00A4BEF4 /* Project object */ = {
			isa = PBXProject;
			attributes = {
				BuildIndependentTargetsInParallel = 1;
				LastSwiftUpdateCheck = 1500;
				LastUpgradeCheck = 1500;
				TargetAttributes = {
					D0BAC9C72B5DFBBE00A4BEF4 = {
						CreatedOnToolsVersion = 15.0;
					};
				};
			};
			buildConfigurationList = D0BAC9C32B5DFBBE00A4BEF4 /* Build configuration list for PBXProject "SwiftUI_Weather_CloneApp" */;
			compatibilityVersion = "Xcode 14.0";
			developmentRegion = en;
			hasScannedForEncodings = 0;
			knownRegions = (
				en,
				Base,
			);
			mainGroup = D0BAC9BF2B5DFBBE00A4BEF4;
			productRefGroup = D0BAC9C92B5DFBBE00A4BEF4 /* Products */;
			projectDirPath = "";
			projectRoot = "";
			targets = (
				D0BAC9C72B5DFBBE00A4BEF4 /* SwiftUI_Weather_CloneApp */,
			);
		};
/* End PBXProject section */

/* Begin PBXResourcesBuildPhase section */
		D0BAC9C62B5DFBBE00A4BEF4 /* Resources */ = {
			isa = PBXResourcesBuildPhase;
			buildActionMask = 2147483647;
			files = (
				D0BAC9D32B5DFBBF00A4BEF4 /* Preview Assets.xcassets in Resources */,
				D0BAC9D02B5DFBBF00A4BEF4 /* Assets.xcassets in Resources */,
			);
			runOnlyForDeploymentPostprocessing = 0;
		};
/* End PBXResourcesBuildPhase section */

/* Begin PBXSourcesBuildPhase section */
		D0BAC9C42B5DFBBE00A4BEF4 /* Sources */ = {
			isa = PBXSourcesBuildPhase;
			buildActionMask = 2147483647;
			files = (
				D0D923D62B686C4F005A4FFD /* WeatherService.swift in Sources */,
				D0AFCFDB2B6B167100CA23DA /* String+WeatherSymbol.swift in Sources */,
				D0AFD7DD2B608F6B004D77BD /* WeatherContentView.swift in Sources */,
				D0AFD7DF2B609014004D77BD /* CurrentWeatherView.swift in Sources */,
				D0AFD7DB2B608F22004D77BD /* BackgroundView.swift in Sources */,
				D0BAC9EB2B5E25D500A4BEF4 /* Double+TemperatureString.swift in Sources */,
				D0BAC9CC2B5DFBBE00A4BEF4 /* SwiftUI_Weather_CloneApp.swift in Sources */,
				D0AFD7E12B609043004D77BD /* ForecastView.swift in Sources */,
				D0D923D82B686D6E005A4FFD /* WeatherService+Location.swift in Sources */,
				D0BAC9E92B5E24EB00A4BEF4 /* CurrentWeather.swift in Sources */,
				D0BAC9E72B5E224B00A4BEF4 /* MainView.swift in Sources */,
				D0BAC9ED2B5E26BC00A4BEF4 /* Forecast.swift in Sources */,
			);
			runOnlyForDeploymentPostprocessing = 0;
		};
/* End PBXSourcesBuildPhase section */

/* Begin XCBuildConfiguration section */
		D0BAC9D42B5DFBBF00A4BEF4 /* Debug */ = {
			isa = XCBuildConfiguration;
			buildSettings = {
				ALWAYS_SEARCH_USER_PATHS = NO;
				ASSETCATALOG_COMPILER_GENERATE_SWIFT_ASSET_SYMBOL_EXTENSIONS = YES;
				CLANG_ANALYZER_NONNULL = YES;
				CLANG_ANALYZER_NUMBER_OBJECT_CONVERSION = YES_AGGRESSIVE;
				CLANG_CXX_LANGUAGE_STANDARD = "gnu++20";
				CLANG_ENABLE_MODULES = YES;
				CLANG_ENABLE_OBJC_ARC = YES;
				CLANG_ENABLE_OBJC_WEAK = YES;
				CLANG_WARN_BLOCK_CAPTURE_AUTORELEASING = YES;
				CLANG_WARN_BOOL_CONVERSION = YES;
				CLANG_WARN_COMMA = YES;
				CLANG_WARN_CONSTANT_CONVERSION = YES;
				CLANG_WARN_DEPRECATED_OBJC_IMPLEMENTATIONS = YES;
				CLANG_WARN_DIRECT_OBJC_ISA_USAGE = YES_ERROR;
				CLANG_WARN_DOCUMENTATION_COMMENTS = YES;
				CLANG_WARN_EMPTY_BODY = YES;
				CLANG_WARN_ENUM_CONVERSION = YES;
				CLANG_WARN_INFINITE_RECURSION = YES;
				CLANG_WARN_INT_CONVERSION = YES;
				CLANG_WARN_NON_LITERAL_NULL_CONVERSION = YES;
				CLANG_WARN_OBJC_IMPLICIT_RETAIN_SELF = YES;
				CLANG_WARN_OBJC_LITERAL_CONVERSION = YES;
				CLANG_WARN_OBJC_ROOT_CLASS = YES_ERROR;
				CLANG_WARN_QUOTED_INCLUDE_IN_FRAMEWORK_HEADER = YES;
				CLANG_WARN_RANGE_LOOP_ANALYSIS = YES;
				CLANG_WARN_STRICT_PROTOTYPES = YES;
				CLANG_WARN_SUSPICIOUS_MOVE = YES;
				CLANG_WARN_UNGUARDED_AVAILABILITY = YES_AGGRESSIVE;
				CLANG_WARN_UNREACHABLE_CODE = YES;
				CLANG_WARN__DUPLICATE_METHOD_MATCH = YES;
				COPY_PHASE_STRIP = NO;
				DEBUG_INFORMATION_FORMAT = dwarf;
				ENABLE_STRICT_OBJC_MSGSEND = YES;
				ENABLE_TESTABILITY = YES;
				ENABLE_USER_SCRIPT_SANDBOXING = YES;
				GCC_C_LANGUAGE_STANDARD = gnu17;
				GCC_DYNAMIC_NO_PIC = NO;
				GCC_NO_COMMON_BLOCKS = YES;
				GCC_OPTIMIZATION_LEVEL = 0;
				GCC_PREPROCESSOR_DEFINITIONS = (
					"DEBUG=1",
					"$(inherited)",
				);
				GCC_WARN_64_TO_32_BIT_CONVERSION = YES;
				GCC_WARN_ABOUT_RETURN_TYPE = YES_ERROR;
				GCC_WARN_UNDECLARED_SELECTOR = YES;
				GCC_WARN_UNINITIALIZED_AUTOS = YES_AGGRESSIVE;
				GCC_WARN_UNUSED_FUNCTION = YES;
				GCC_WARN_UNUSED_VARIABLE = YES;
				IPHONEOS_DEPLOYMENT_TARGET = 17.0;
				LOCALIZATION_PREFERS_STRING_CATALOGS = YES;
				MTL_ENABLE_DEBUG_INFO = INCLUDE_SOURCE;
				MTL_FAST_MATH = YES;
				ONLY_ACTIVE_ARCH = YES;
				SDKROOT = iphoneos;
				SWIFT_ACTIVE_COMPILATION_CONDITIONS = "DEBUG $(inherited)";
				SWIFT_OPTIMIZATION_LEVEL = "-Onone";
			};
			name = Debug;
		};
		D0BAC9D52B5DFBBF00A4BEF4 /* Release */ = {
			isa = XCBuildConfiguration;
			buildSettings = {
				ALWAYS_SEARCH_USER_PATHS = NO;
				ASSETCATALOG_COMPILER_GENERATE_SWIFT_ASSET_SYMBOL_EXTENSIONS = YES;
				CLANG_ANALYZER_NONNULL = YES;
				CLANG_ANALYZER_NUMBER_OBJECT_CONVERSION = YES_AGGRESSIVE;
				CLANG_CXX_LANGUAGE_STANDARD = "gnu++20";
				CLANG_ENABLE_MODULES = YES;
				CLANG_ENABLE_OBJC_ARC = YES;
				CLANG_ENABLE_OBJC_WEAK = YES;
				CLANG_WARN_BLOCK_CAPTURE_AUTORELEASING = YES;
				CLANG_WARN_BOOL_CONVERSION = YES;
				CLANG_WARN_COMMA = YES;
				CLANG_WARN_CONSTANT_CONVERSION = YES;
				CLANG_WARN_DEPRECATED_OBJC_IMPLEMENTATIONS = YES;
				CLANG_WARN_DIRECT_OBJC_ISA_USAGE = YES_ERROR;
				CLANG_WARN_DOCUMENTATION_COMMENTS = YES;
				CLANG_WARN_EMPTY_BODY = YES;
				CLANG_WARN_ENUM_CONVERSION = YES;
				CLANG_WARN_INFINITE_RECURSION = YES;
				CLANG_WARN_INT_CONVERSION = YES;
				CLANG_WARN_NON_LITERAL_NULL_CONVERSION = YES;
				CLANG_WARN_OBJC_IMPLICIT_RETAIN_SELF = YES;
				CLANG_WARN_OBJC_LITERAL_CONVERSION = YES;
				CLANG_WARN_OBJC_ROOT_CLASS = YES_ERROR;
				CLANG_WARN_QUOTED_INCLUDE_IN_FRAMEWORK_HEADER = YES;
				CLANG_WARN_RANGE_LOOP_ANALYSIS = YES;
				CLANG_WARN_STRICT_PROTOTYPES = YES;
				CLANG_WARN_SUSPICIOUS_MOVE = YES;
				CLANG_WARN_UNGUARDED_AVAILABILITY = YES_AGGRESSIVE;
				CLANG_WARN_UNREACHABLE_CODE = YES;
				CLANG_WARN__DUPLICATE_METHOD_MATCH = YES;
				COPY_PHASE_STRIP = NO;
				DEBUG_INFORMATION_FORMAT = "dwarf-with-dsym";
				ENABLE_NS_ASSERTIONS = NO;
				ENABLE_STRICT_OBJC_MSGSEND = YES;
				ENABLE_USER_SCRIPT_SANDBOXING = YES;
				GCC_C_LANGUAGE_STANDARD = gnu17;
				GCC_NO_COMMON_BLOCKS = YES;
				GCC_WARN_64_TO_32_BIT_CONVERSION = YES;
				GCC_WARN_ABOUT_RETURN_TYPE = YES_ERROR;
				GCC_WARN_UNDECLARED_SELECTOR = YES;
				GCC_WARN_UNINITIALIZED_AUTOS = YES_AGGRESSIVE;
				GCC_WARN_UNUSED_FUNCTION = YES;
				GCC_WARN_UNUSED_VARIABLE = YES;
				IPHONEOS_DEPLOYMENT_TARGET = 17.0;
				LOCALIZATION_PREFERS_STRING_CATALOGS = YES;
				MTL_ENABLE_DEBUG_INFO = NO;
				MTL_FAST_MATH = YES;
				SDKROOT = iphoneos;
				SWIFT_COMPILATION_MODE = wholemodule;
				VALIDATE_PRODUCT = YES;
			};
			name = Release;
		};
		D0BAC9D72B5DFBBF00A4BEF4 /* Debug */ = {
			isa = XCBuildConfiguration;
			buildSettings = {
				ASSETCATALOG_COMPILER_APPICON_NAME = AppIcon;
				ASSETCATALOG_COMPILER_GLOBAL_ACCENT_COLOR_NAME = AccentColor;
				CODE_SIGN_STYLE = Automatic;
				CURRENT_PROJECT_VERSION = 1;
				DEVELOPMENT_ASSET_PATHS = "\"SwiftUI_Weather_CloneApp/Preview Content\"";
				DEVELOPMENT_TEAM = QMB27NV87J;
				ENABLE_PREVIEWS = YES;
				GENERATE_INFOPLIST_FILE = YES;
				INFOPLIST_KEY_CFBundleDisplayName = WeatherCloneApp;
				INFOPLIST_KEY_NSLocationWhenInUseUsageDescription = "현재 위치에서 날씨 정보를 요청합니다.";
				INFOPLIST_KEY_UIApplicationSceneManifest_Generation = YES;
				INFOPLIST_KEY_UIApplicationSupportsIndirectInputEvents = YES;
				INFOPLIST_KEY_UILaunchScreen_Generation = YES;
				INFOPLIST_KEY_UISupportedInterfaceOrientations_iPad = "UIInterfaceOrientationPortrait UIInterfaceOrientationPortraitUpsideDown UIInterfaceOrientationLandscapeLeft UIInterfaceOrientationLandscapeRight";
				INFOPLIST_KEY_UISupportedInterfaceOrientations_iPhone = "UIInterfaceOrientationPortrait UIInterfaceOrientationLandscapeLeft UIInterfaceOrientationLandscapeRight";
				LD_RUNPATH_SEARCH_PATHS = (
					"$(inherited)",
					"@executable_path/Frameworks",
				);
				MARKETING_VERSION = 1.0;
				PRODUCT_BUNDLE_IDENTIFIER = "sensei.lee.SwiftUI-Weather-CloneApp";
				PRODUCT_NAME = "$(TARGET_NAME)";
				SWIFT_EMIT_LOC_STRINGS = YES;
				SWIFT_VERSION = 5.0;
				TARGETED_DEVICE_FAMILY = "1,2";
			};
			name = Debug;
		};
		D0BAC9D82B5DFBBF00A4BEF4 /* Release */ = {
			isa = XCBuildConfiguration;
			buildSettings = {
				ASSETCATALOG_COMPILER_APPICON_NAME = AppIcon;
				ASSETCATALOG_COMPILER_GLOBAL_ACCENT_COLOR_NAME = AccentColor;
				CODE_SIGN_STYLE = Automatic;
				CURRENT_PROJECT_VERSION = 1;
				DEVELOPMENT_ASSET_PATHS = "\"SwiftUI_Weather_CloneApp/Preview Content\"";
				DEVELOPMENT_TEAM = QMB27NV87J;
				ENABLE_PREVIEWS = YES;
				GENERATE_INFOPLIST_FILE = YES;
				INFOPLIST_KEY_CFBundleDisplayName = WeatherCloneApp;
				INFOPLIST_KEY_NSLocationWhenInUseUsageDescription = "현재 위치에서 날씨 정보를 요청합니다.";
				INFOPLIST_KEY_UIApplicationSceneManifest_Generation = YES;
				INFOPLIST_KEY_UIApplicationSupportsIndirectInputEvents = YES;
				INFOPLIST_KEY_UILaunchScreen_Generation = YES;
				INFOPLIST_KEY_UISupportedInterfaceOrientations_iPad = "UIInterfaceOrientationPortrait UIInterfaceOrientationPortraitUpsideDown UIInterfaceOrientationLandscapeLeft UIInterfaceOrientationLandscapeRight";
				INFOPLIST_KEY_UISupportedInterfaceOrientations_iPhone = "UIInterfaceOrientationPortrait UIInterfaceOrientationLandscapeLeft UIInterfaceOrientationLandscapeRight";
				LD_RUNPATH_SEARCH_PATHS = (
					"$(inherited)",
					"@executable_path/Frameworks",
				);
				MARKETING_VERSION = 1.0;
				PRODUCT_BUNDLE_IDENTIFIER = "sensei.lee.SwiftUI-Weather-CloneApp";
				PRODUCT_NAME = "$(TARGET_NAME)";
				SWIFT_EMIT_LOC_STRINGS = YES;
				SWIFT_VERSION = 5.0;
				TARGETED_DEVICE_FAMILY = "1,2";
			};
			name = Release;
		};
/* End XCBuildConfiguration section */

/* Begin XCConfigurationList section */
		D0BAC9C32B5DFBBE00A4BEF4 /* Build configuration list for PBXProject "SwiftUI_Weather_CloneApp" */ = {
			isa = XCConfigurationList;
			buildConfigurations = (
				D0BAC9D42B5DFBBF00A4BEF4 /* Debug */,
				D0BAC9D52B5DFBBF00A4BEF4 /* Release */,
			);
			defaultConfigurationIsVisible = 0;
			defaultConfigurationName = Release;
		};
		D0BAC9D62B5DFBBF00A4BEF4 /* Build configuration list for PBXNativeTarget "SwiftUI_Weather_CloneApp" */ = {
			isa = XCConfigurationList;
			buildConfigurations = (
				D0BAC9D72B5DFBBF00A4BEF4 /* Debug */,
				D0BAC9D82B5DFBBF00A4BEF4 /* Release */,
			);
			defaultConfigurationIsVisible = 0;
			defaultConfigurationName = Release;
		};
/* End XCConfigurationList section */
	};
	rootObject = D0BAC9C02B5DFBBE00A4BEF4 /* Project object */;
}
